
Microsoft Visual Studio Solution File, Format Version 12.00
# Visual Studio Version 16
VisualStudioVersion = 16.0.31205.134
MinimumVisualStudioVersion = 10.0.40219.1
Project("{D2ABAB84-BF74-430A-B69E-9DC6D40DDA17}") = "ProyectoNWCubo57369", "ProyectoNWCubo57369\ProyectoNWCubo57369.dwproj", "{93EA34FB-F13F-4A48-A53A-6FE3E97C94C8}"
EndProject
Global
	GlobalSection(SolutionConfigurationPlatforms) = preSolution
		Development|Default = Development|Default
	EndGlobalSection
	GlobalSection(ProjectConfigurationPlatforms) = postSolution
		{93EA34FB-F13F-4A48-A53A-6FE3E97C94C8}.Development|Default.ActiveCfg = Development
		{93EA34FB-F13F-4A48-A53A-6FE3E97C94C8}.Development|Default.Build.0 = Development
		{93EA34FB-F13F-4A48-A53A-6FE3E97C94C8}.Development|Default.Deploy.0 = Development
	EndGlobalSection
	GlobalSection(SolutionProperties) = preSolution
		HideSolutionNode = FALSE
	EndGlobalSection
	GlobalSection(ExtensibilityGlobals) = postSolution
		SolutionGuid = {D2B3F165-DCB6-4D7A-8C3A-A206AD7EDAA4}
	EndGlobalSection
EndGlobal
